
Microsoft Visual Studio Solution File, Format Version 12.00
# Visual Studio 15
VisualStudioVersion = 15.0.27130.2024
MinimumVisualStudioVersion = 10.0.40219.1
Project("{FAE04EC0-301F-11D3-BF4B-00C04F79EFBC}") = "Epam.AzureWorkShop.Labs", "Epam.AzureWorkShop.Labs\Epam.AzureWorkShop.Labs.csproj", "{99B24371-0001-43E1-9CDD-FD7063A25BF9}"
EndProject
Project("{FAE04EC0-301F-11D3-BF4B-00C04F79EFBC}") = "Epam.AzureWorkShop.Entities", "Epam.AzureWorkShop.Entities\Epam.AzureWorkShop.Entities.csproj", "{6332F75F-A82F-47C9-9021-18C9DCB1F2C7}"
EndProject
Project("{FAE04EC0-301F-11D3-BF4B-00C04F79EFBC}") = "Epam.AzureWorkShop.Dal", "Epam.AzureWorkShop.Dal\Epam.AzureWorkShop.Dal.csproj", "{4BD79892-C2A7-417D-AAF7-8AEDB24C49C7}"
EndProject
Project("{FAE04EC0-301F-11D3-BF4B-00C04F79EFBC}") = "Epam.AzureWorkShop.Bll", "Epam.AzureWorkShop.Bll\Epam.AzureWorkShop.Bll.csproj", "{F43018E0-93EB-4CE8-A8A1-0378EBE08216}"
EndProject
Project("{FAE04EC0-301F-11D3-BF4B-00C04F79EFBC}") = "ImageConverter", "ImageConverter\ImageConverter.csproj", "{F7FF9284-CAED-43CC-84D7-F9E3BAD8ED26}"
EndProject
Global
	GlobalSection(SolutionConfigurationPlatforms) = preSolution
		Debug|Any CPU = Debug|Any CPU
		Release|Any CPU = Release|Any CPU
	EndGlobalSection
	GlobalSection(ProjectConfigurationPlatforms) = postSolution
		{99B24371-0001-43E1-9CDD-FD7063A25BF9}.Debug|Any CPU.ActiveCfg = Debug|Any CPU
		{99B24371-0001-43E1-9CDD-FD7063A25BF9}.Debug|Any CPU.Build.0 = Debug|Any CPU
		{99B24371-0001-43E1-9CDD-FD7063A25BF9}.Release|Any CPU.ActiveCfg = Release|Any CPU
		{99B24371-0001-43E1-9CDD-FD7063A25BF9}.Release|Any CPU.Build.0 = Release|Any CPU
		{6332F75F-A82F-47C9-9021-18C9DCB1F2C7}.Debug|Any CPU.ActiveCfg = Debug|Any CPU
		{6332F75F-A82F-47C9-9021-18C9DCB1F2C7}.Debug|Any CPU.Build.0 = Debug|Any CPU
		{6332F75F-A82F-47C9-9021-18C9DCB1F2C7}.Release|Any CPU.ActiveCfg = Release|Any CPU
		{6332F75F-A82F-47C9-9021-18C9DCB1F2C7}.Release|Any CPU.Build.0 = Release|Any CPU
		{4BD79892-C2A7-417D-AAF7-8AEDB24C49C7}.Debug|Any CPU.ActiveCfg = Debug|Any CPU
		{4BD79892-C2A7-417D-AAF7-8AEDB24C49C7}.Debug|Any CPU.Build.0 = Debug|Any CPU
		{4BD79892-C2A7-417D-AAF7-8AEDB24C49C7}.Release|Any CPU.ActiveCfg = Release|Any CPU
		{4BD79892-C2A7-417D-AAF7-8AEDB24C49C7}.Release|Any CPU.Build.0 = Release|Any CPU
		{F43018E0-93EB-4CE8-A8A1-0378EBE08216}.Debug|Any CPU.ActiveCfg = Debug|Any CPU
		{F43018E0-93EB-4CE8-A8A1-0378EBE08216}.Debug|Any CPU.Build.0 = Debug|Any CPU
		{F43018E0-93EB-4CE8-A8A1-0378EBE08216}.Release|Any CPU.ActiveCfg = Release|Any CPU
		{F43018E0-93EB-4CE8-A8A1-0378EBE08216}.Release|Any CPU.Build.0 = Release|Any CPU
		{F7FF9284-CAED-43CC-84D7-F9E3BAD8ED26}.Debug|Any CPU.ActiveCfg = Debug|Any CPU
		{F7FF9284-CAED-43CC-84D7-F9E3BAD8ED26}.Debug|Any CPU.Build.0 = Debug|Any CPU
		{F7FF9284-CAED-43CC-84D7-F9E3BAD8ED26}.Release|Any CPU.ActiveCfg = Release|Any CPU
		{F7FF9284-CAED-43CC-84D7-F9E3BAD8ED26}.Release|Any CPU.Build.0 = Release|Any CPU
	EndGlobalSection
	GlobalSection(SolutionProperties) = preSolution
		HideSolutionNode = FALSE
	EndGlobalSection
	GlobalSection(ExtensibilityGlobals) = postSolution
		SolutionGuid = {FDFC1D01-D3A3-4375-BA77-64D2D36EFA2D}
	EndGlobalSection
EndGlobal
